// !$*UTF8*$!
{
	archiveVersion = 1;
	classes = {
	};
	objectVersion = 56;
	objects = {

/* Begin PBXBuildFile section */
		693E46402A00D871009CFF45 /* CreationView.swift in Sources */ = {isa = PBXBuildFile; fileRef = 693E463F2A00D871009CFF45 /* CreationView.swift */; };
		695C78682A3B6CD000F52776 /* README.md in Resources */ = {isa = PBXBuildFile; fileRef = 693E463E2A00D725009CFF45 /* README.md */; };
		69BD5FF12A1CA12D007FBD90 /* TaskListView.swift in Sources */ = {isa = PBXBuildFile; fileRef = 69BD5FF02A1CA12D007FBD90 /* TaskListView.swift */; };
		69E5FE902A1E7F4C00F1B43F /* TaskCreationView.swift in Sources */ = {isa = PBXBuildFile; fileRef = 69E5FE8F2A1E7F4C00F1B43F /* TaskCreationView.swift */; };
		69ECADDC29FFB2AC000E2596 /* remembererApp.swift in Sources */ = {isa = PBXBuildFile; fileRef = 69ECADDB29FFB2AC000E2596 /* remembererApp.swift */; };
		69ECADDE29FFB2AC000E2596 /* ContentView.swift in Sources */ = {isa = PBXBuildFile; fileRef = 69ECADDD29FFB2AC000E2596 /* ContentView.swift */; };
		69ECADE029FFB2AE000E2596 /* Assets.xcassets in Resources */ = {isa = PBXBuildFile; fileRef = 69ECADDF29FFB2AE000E2596 /* Assets.xcassets */; };
		69ECADE329FFB2AE000E2596 /* Preview Assets.xcassets in Resources */ = {isa = PBXBuildFile; fileRef = 69ECADE229FFB2AE000E2596 /* Preview Assets.xcassets */; };
		69ECADE529FFB2AE000E2596 /* Persistence.swift in Sources */ = {isa = PBXBuildFile; fileRef = 69ECADE429FFB2AE000E2596 /* Persistence.swift */; };
		69ECADE829FFB2AE000E2596 /* rememberer.xcdatamodeld in Sources */ = {isa = PBXBuildFile; fileRef = 69ECADE629FFB2AE000E2596 /* rememberer.xcdatamodeld */; };
/* End PBXBuildFile section */

/* Begin PBXFileReference section */
		693E463E2A00D725009CFF45 /* README.md */ = {isa = PBXFileReference; lastKnownFileType = net.daringfireball.markdown; path = README.md; sourceTree = "<group>"; usesTabs = 1; };
		693E463F2A00D871009CFF45 /* CreationView.swift */ = {isa = PBXFileReference; lastKnownFileType = sourcecode.swift; path = CreationView.swift; sourceTree = "<group>"; };
		69BD5FF02A1CA12D007FBD90 /* TaskListView.swift */ = {isa = PBXFileReference; lastKnownFileType = sourcecode.swift; path = TaskListView.swift; sourceTree = "<group>"; };
		69E5FE8F2A1E7F4C00F1B43F /* TaskCreationView.swift */ = {isa = PBXFileReference; lastKnownFileType = sourcecode.swift; path = TaskCreationView.swift; sourceTree = "<group>"; };
		69ECADD829FFB2AC000E2596 /* rememberer.app */ = {isa = PBXFileReference; explicitFileType = wrapper.application; includeInIndex = 0; path = rememberer.app; sourceTree = BUILT_PRODUCTS_DIR; };
		69ECADDB29FFB2AC000E2596 /* remembererApp.swift */ = {isa = PBXFileReference; lastKnownFileType = sourcecode.swift; path = remembererApp.swift; sourceTree = "<group>"; };
		69ECADDD29FFB2AC000E2596 /* ContentView.swift */ = {isa = PBXFileReference; lastKnownFileType = sourcecode.swift; path = ContentView.swift; sourceTree = "<group>"; };
		69ECADDF29FFB2AE000E2596 /* Assets.xcassets */ = {isa = PBXFileReference; lastKnownFileType = folder.assetcatalog; path = Assets.xcassets; sourceTree = "<group>"; };
		69ECADE229FFB2AE000E2596 /* Preview Assets.xcassets */ = {isa = PBXFileReference; lastKnownFileType = folder.assetcatalog; path = "Preview Assets.xcassets"; sourceTree = "<group>"; };
		69ECADE429FFB2AE000E2596 /* Persistence.swift */ = {isa = PBXFileReference; lastKnownFileType = sourcecode.swift; path = Persistence.swift; sourceTree = "<group>"; usesTabs = 1; };
		69ECADE729FFB2AE000E2596 /* rememberer.xcdatamodel */ = {isa = PBXFileReference; lastKnownFileType = wrapper.xcdatamodel; path = rememberer.xcdatamodel; sourceTree = "<group>"; };
/* End PBXFileReference section */

/* Begin PBXFrameworksBuildPhase section */
		69ECADD529FFB2AC000E2596 /* Frameworks */ = {
			isa = PBXFrameworksBuildPhase;
			buildActionMask = 2147483647;
			files = (
			);
			runOnlyForDeploymentPostprocessing = 0;
		};
/* End PBXFrameworksBuildPhase section */

/* Begin PBXGroup section */
		69ECADCF29FFB2AC000E2596 = {
			isa = PBXGroup;
			children = (
				693E463E2A00D725009CFF45 /* README.md */,
				69ECADDA29FFB2AC000E2596 /* rememberer */,
				69ECADD929FFB2AC000E2596 /* Products */,
			);
			sourceTree = "<group>";
		};
		69ECADD929FFB2AC000E2596 /* Products */ = {
			isa = PBXGroup;
			children = (
				69ECADD829FFB2AC000E2596 /* rememberer.app */,
			);
			name = Products;
			sourceTree = "<group>";
		};
		69ECADDA29FFB2AC000E2596 /* rememberer */ = {
			isa = PBXGroup;
			children = (
				69ECADDD29FFB2AC000E2596 /* ContentView.swift */,
				69E5FE8F2A1E7F4C00F1B43F /* TaskCreationView.swift */,
				69BD5FF02A1CA12D007FBD90 /* TaskListView.swift */,
				69ECADDB29FFB2AC000E2596 /* remembererApp.swift */,
				693E463F2A00D871009CFF45 /* CreationView.swift */,
				69ECADDF29FFB2AE000E2596 /* Assets.xcassets */,
				69ECADE429FFB2AE000E2596 /* Persistence.swift */,
				69ECADE629FFB2AE000E2596 /* rememberer.xcdatamodeld */,
				69ECADE129FFB2AE000E2596 /* Preview Content */,
			);
			path = rememberer;
			sourceTree = "<group>";
		};
		69ECADE129FFB2AE000E2596 /* Preview Content */ = {
			isa = PBXGroup;
			children = (
				69ECADE229FFB2AE000E2596 /* Preview Assets.xcassets */,
			);
			path = "Preview Content";
			sourceTree = "<group>";
		};
/* End PBXGroup section */

/* Begin PBXNativeTarget section */
		69ECADD729FFB2AC000E2596 /* rememberer */ = {
			isa = PBXNativeTarget;
			buildConfigurationList = 69ECADEB29FFB2AE000E2596 /* Build configuration list for PBXNativeTarget "rememberer" */;
			buildPhases = (
				69ECADD429FFB2AC000E2596 /* Sources */,
				69ECADD529FFB2AC000E2596 /* Frameworks */,
				69ECADD629FFB2AC000E2596 /* Resources */,
			);
			buildRules = (
			);
			dependencies = (
			);
			name = rememberer;
			productName = rememberer;
			productReference = 69ECADD829FFB2AC000E2596 /* rememberer.app */;
			productType = "com.apple.product-type.application";
		};
/* End PBXNativeTarget section */

/* Begin PBXProject section */
		69ECADD029FFB2AC000E2596 /* Project object */ = {
			isa = PBXProject;
			attributes = {
				BuildIndependentTargetsInParallel = 1;
				LastSwiftUpdateCheck = 1430;
				LastUpgradeCheck = 1430;
				TargetAttributes = {
					69ECADD729FFB2AC000E2596 = {
						CreatedOnToolsVersion = 14.3;
					};
				};
			};
			buildConfigurationList = 69ECADD329FFB2AC000E2596 /* Build configuration list for PBXProject "rememberer" */;
			compatibilityVersion = "Xcode 14.0";
			developmentRegion = en;
			hasScannedForEncodings = 0;
			knownRegions = (
				en,
				Base,
			);
			mainGroup = 69ECADCF29FFB2AC000E2596;
			productRefGroup = 69ECADD929FFB2AC000E2596 /* Products */;
			projectDirPath = "";
			projectRoot = "";
			targets = (
				69ECADD729FFB2AC000E2596 /* rememberer */,
			);
		};
/* End PBXProject section */

/* Begin PBXResourcesBuildPhase section */
		69ECADD629FFB2AC000E2596 /* Resources */ = {
			isa = PBXResourcesBuildPhase;
			buildActionMask = 2147483647;
			files = (
				695C78682A3B6CD000F52776 /* README.md in Resources */,
				69ECADE329FFB2AE000E2596 /* Preview Assets.xcassets in Resources */,
				69ECADE029FFB2AE000E2596 /* Assets.xcassets in Resources */,
			);
			runOnlyForDeploymentPostprocessing = 0;
		};
/* End PBXResourcesBuildPhase section */

/* Begin PBXSourcesBuildPhase section */
		69ECADD429FFB2AC000E2596 /* Sources */ = {
			isa = PBXSourcesBuildPhase;
			buildActionMask = 2147483647;
			files = (
				69ECADE529FFB2AE000E2596 /* Persistence.swift in Sources */,
				693E46402A00D871009CFF45 /* CreationView.swift in Sources */,
				69E5FE902A1E7F4C00F1B43F /* TaskCreationView.swift in Sources */,
				69ECADE829FFB2AE000E2596 /* rememberer.xcdatamodeld in Sources */,
				69ECADDE29FFB2AC000E2596 /* ContentView.swift in Sources */,
				69ECADDC29FFB2AC000E2596 /* remembererApp.swift in Sources */,
				69BD5FF12A1CA12D007FBD90 /* TaskListView.swift in Sources */,
			);
			runOnlyForDeploymentPostprocessing = 0;
		};
/* End PBXSourcesBuildPhase section */

/* Begin XCBuildConfiguration section */
		69ECADE929FFB2AE000E2596 /* Debug */ = {
			isa = XCBuildConfiguration;
			buildSettings = {
				ALWAYS_SEARCH_USER_PATHS = NO;
				CLANG_ANALYZER_NONNULL = YES;
				CLANG_ANALYZER_NUMBER_OBJECT_CONVERSION = YES_AGGRESSIVE;
				CLANG_CXX_LANGUAGE_STANDARD = "gnu++20";
				CLANG_ENABLE_MODULES = YES;
				CLANG_ENABLE_OBJC_ARC = YES;
				CLANG_ENABLE_OBJC_WEAK = YES;
				CLANG_WARN_BLOCK_CAPTURE_AUTORELEASING = YES;
				CLANG_WARN_BOOL_CONVERSION = YES;
				CLANG_WARN_COMMA = YES;
				CLANG_WARN_CONSTANT_CONVERSION = YES;
				CLANG_WARN_DEPRECATED_OBJC_IMPLEMENTATIONS = YES;
				CLANG_WARN_DIRECT_OBJC_ISA_USAGE = YES_ERROR;
				CLANG_WARN_DOCUMENTATION_COMMENTS = YES;
				CLANG_WARN_EMPTY_BODY = YES;
				CLANG_WARN_ENUM_CONVERSION = YES;
				CLANG_WARN_INFINITE_RECURSION = YES;
				CLANG_WARN_INT_CONVERSION = YES;
				CLANG_WARN_NON_LITERAL_NULL_CONVERSION = YES;
				CLANG_WARN_OBJC_IMPLICIT_RETAIN_SELF = YES;
				CLANG_WARN_OBJC_LITERAL_CONVERSION = YES;
				CLANG_WARN_OBJC_ROOT_CLASS = YES_ERROR;
				CLANG_WARN_QUOTED_INCLUDE_IN_FRAMEWORK_HEADER = YES;
				CLANG_WARN_RANGE_LOOP_ANALYSIS = YES;
				CLANG_WARN_STRICT_PROTOTYPES = YES;
				CLANG_WARN_SUSPICIOUS_MOVE = YES;
				CLANG_WARN_UNGUARDED_AVAILABILITY = YES_AGGRESSIVE;
				CLANG_WARN_UNREACHABLE_CODE = YES;
				CLANG_WARN__DUPLICATE_METHOD_MATCH = YES;
				COPY_PHASE_STRIP = NO;
				DEBUG_INFORMATION_FORMAT = dwarf;
				ENABLE_STRICT_OBJC_MSGSEND = YES;
				ENABLE_TESTABILITY = YES;
				GCC_C_LANGUAGE_STANDARD = gnu11;
				GCC_DYNAMIC_NO_PIC = NO;
				GCC_NO_COMMON_BLOCKS = YES;
				GCC_OPTIMIZATION_LEVEL = 0;
				GCC_PREPROCESSOR_DEFINITIONS = (
					"DEBUG=1",
					"$(inherited)",
				);
				GCC_WARN_64_TO_32_BIT_CONVERSION = YES;
				GCC_WARN_ABOUT_RETURN_TYPE = YES_ERROR;
				GCC_WARN_UNDECLARED_SELECTOR = YES;
				GCC_WARN_UNINITIALIZED_AUTOS = YES_AGGRESSIVE;
				GCC_WARN_UNUSED_FUNCTION = YES;
				GCC_WARN_UNUSED_VARIABLE = YES;
				IPHONEOS_DEPLOYMENT_TARGET = 16.4;
				MTL_ENABLE_DEBUG_INFO = INCLUDE_SOURCE;
				MTL_FAST_MATH = YES;
				ONLY_ACTIVE_ARCH = YES;
				SDKROOT = iphoneos;
				SWIFT_ACTIVE_COMPILATION_CONDITIONS = DEBUG;
				SWIFT_OPTIMIZATION_LEVEL = "-Onone";
			};
			name = Debug;
		};
		69ECADEA29FFB2AE000E2596 /* Release */ = {
			isa = XCBuildConfiguration;
			buildSettings = {
				ALWAYS_SEARCH_USER_PATHS = NO;
				CLANG_ANALYZER_NONNULL = YES;
				CLANG_ANALYZER_NUMBER_OBJECT_CONVERSION = YES_AGGRESSIVE;
				CLANG_CXX_LANGUAGE_STANDARD = "gnu++20";
				CLANG_ENABLE_MODULES = YES;
				CLANG_ENABLE_OBJC_ARC = YES;
				CLANG_ENABLE_OBJC_WEAK = YES;
				CLANG_WARN_BLOCK_CAPTURE_AUTORELEASING = YES;
				CLANG_WARN_BOOL_CONVERSION = YES;
				CLANG_WARN_COMMA = YES;
				CLANG_WARN_CONSTANT_CONVERSION = YES;
				CLANG_WARN_DEPRECATED_OBJC_IMPLEMENTATIONS = YES;
				CLANG_WARN_DIRECT_OBJC_ISA_USAGE = YES_ERROR;
				CLANG_WARN_DOCUMENTATION_COMMENTS = YES;
				CLANG_WARN_EMPTY_BODY = YES;
				CLANG_WARN_ENUM_CONVERSION = YES;
				CLANG_WARN_INFINITE_RECURSION = YES;
				CLANG_WARN_INT_CONVERSION = YES;
				CLANG_WARN_NON_LITERAL_NULL_CONVERSION = YES;
				CLANG_WARN_OBJC_IMPLICIT_RETAIN_SELF = YES;
				CLANG_WARN_OBJC_LITERAL_CONVERSION = YES;
				CLANG_WARN_OBJC_ROOT_CLASS = YES_ERROR;
				CLANG_WARN_QUOTED_INCLUDE_IN_FRAMEWORK_HEADER = YES;
				CLANG_WARN_RANGE_LOOP_ANALYSIS = YES;
				CLANG_WARN_STRICT_PROTOTYPES = YES;
				CLANG_WARN_SUSPICIOUS_MOVE = YES;
				CLANG_WARN_UNGUARDED_AVAILABILITY = YES_AGGRESSIVE;
				CLANG_WARN_UNREACHABLE_CODE = YES;
				CLANG_WARN__DUPLICATE_METHOD_MATCH = YES;
				COPY_PHASE_STRIP = NO;
				DEBUG_INFORMATION_FORMAT = "dwarf-with-dsym";
				ENABLE_NS_ASSERTIONS = NO;
				ENABLE_STRICT_OBJC_MSGSEND = YES;
				GCC_C_LANGUAGE_STANDARD = gnu11;
				GCC_NO_COMMON_BLOCKS = YES;
				GCC_WARN_64_TO_32_BIT_CONVERSION = YES;
				GCC_WARN_ABOUT_RETURN_TYPE = YES_ERROR;
				GCC_WARN_UNDECLARED_SELECTOR = YES;
				GCC_WARN_UNINITIALIZED_AUTOS = YES_AGGRESSIVE;
				GCC_WARN_UNUSED_FUNCTION = YES;
				GCC_WARN_UNUSED_VARIABLE = YES;
				IPHONEOS_DEPLOYMENT_TARGET = 16.4;
				MTL_ENABLE_DEBUG_INFO = NO;
				MTL_FAST_MATH = YES;
				SDKROOT = iphoneos;
				SWIFT_COMPILATION_MODE = wholemodule;
				SWIFT_OPTIMIZATION_LEVEL = "-O";
				VALIDATE_PRODUCT = YES;
			};
			name = Release;
		};
		69ECADEC29FFB2AE000E2596 /* Debug */ = {
			isa = XCBuildConfiguration;
			buildSettings = {
				ASSETCATALOG_COMPILER_APPICON_NAME = AppIcon;
				ASSETCATALOG_COMPILER_GLOBAL_ACCENT_COLOR_NAME = AccentColor;
				CODE_SIGN_STYLE = Automatic;
				CURRENT_PROJECT_VERSION = 1;
				DEVELOPMENT_ASSET_PATHS = "\"rememberer/Preview Content\"";
				ENABLE_PREVIEWS = YES;
				GENERATE_INFOPLIST_FILE = YES;
				INFOPLIST_KEY_UIApplicationSceneManifest_Generation = YES;
				INFOPLIST_KEY_UIApplicationSupportsIndirectInputEvents = YES;
				INFOPLIST_KEY_UILaunchScreen_Generation = YES;
				INFOPLIST_KEY_UISupportedInterfaceOrientations_iPad = "UIInterfaceOrientationPortrait UIInterfaceOrientationPortraitUpsideDown UIInterfaceOrientationLandscapeLeft UIInterfaceOrientationLandscapeRight";
				INFOPLIST_KEY_UISupportedInterfaceOrientations_iPhone = "UIInterfaceOrientationPortrait UIInterfaceOrientationLandscapeLeft UIInterfaceOrientationLandscapeRight";
				LD_RUNPATH_SEARCH_PATHS = (
					"$(inherited)",
					"@executable_path/Frameworks",
				);
				MARKETING_VERSION = 1.0;
				PRODUCT_BUNDLE_IDENTIFIER = cs50.rememberer;
				PRODUCT_NAME = "$(TARGET_NAME)";
				SWIFT_EMIT_LOC_STRINGS = YES;
				SWIFT_VERSION = 5.0;
				TARGETED_DEVICE_FAMILY = "1,2";
			};
			name = Debug;
		};
		69ECADED29FFB2AE000E2596 /* Release */ = {
			isa = XCBuildConfiguration;
			buildSettings = {
				ASSETCATALOG_COMPILER_APPICON_NAME = AppIcon;
				ASSETCATALOG_COMPILER_GLOBAL_ACCENT_COLOR_NAME = AccentColor;
				CODE_SIGN_STYLE = Automatic;
				CURRENT_PROJECT_VERSION = 1;
				DEVELOPMENT_ASSET_PATHS = "\"rememberer/Preview Content\"";
				ENABLE_PREVIEWS = YES;
				GENERATE_INFOPLIST_FILE = YES;
				INFOPLIST_KEY_UIApplicationSceneManifest_Generation = YES;
				INFOPLIST_KEY_UIApplicationSupportsIndirectInputEvents = YES;
				INFOPLIST_KEY_UILaunchScreen_Generation = YES;
				INFOPLIST_KEY_UISupportedInterfaceOrientations_iPad = "UIInterfaceOrientationPortrait UIInterfaceOrientationPortraitUpsideDown UIInterfaceOrientationLandscapeLeft UIInterfaceOrientationLandscapeRight";
				INFOPLIST_KEY_UISupportedInterfaceOrientations_iPhone = "UIInterfaceOrientationPortrait UIInterfaceOrientationLandscapeLeft UIInterfaceOrientationLandscapeRight";
				LD_RUNPATH_SEARCH_PATHS = (
					"$(inherited)",
					"@executable_path/Frameworks",
				);
				MARKETING_VERSION = 1.0;
				PRODUCT_BUNDLE_IDENTIFIER = cs50.rememberer;
				PRODUCT_NAME = "$(TARGET_NAME)";
				SWIFT_EMIT_LOC_STRINGS = YES;
				SWIFT_VERSION = 5.0;
				TARGETED_DEVICE_FAMILY = "1,2";
			};
			name = Release;
		};
/* End XCBuildConfiguration section */

/* Begin XCConfigurationList section */
		69ECADD329FFB2AC000E2596 /* Build configuration list for PBXProject "rememberer" */ = {
			isa = XCConfigurationList;
			buildConfigurations = (
				69ECADE929FFB2AE000E2596 /* Debug */,
				69ECADEA29FFB2AE000E2596 /* Release */,
			);
			defaultConfigurationIsVisible = 0;
			defaultConfigurationName = Release;
		};
		69ECADEB29FFB2AE000E2596 /* Build configuration list for PBXNativeTarget "rememberer" */ = {
			isa = XCConfigurationList;
			buildConfigurations = (
				69ECADEC29FFB2AE000E2596 /* Debug */,
				69ECADED29FFB2AE000E2596 /* Release */,
			);
			defaultConfigurationIsVisible = 0;
			defaultConfigurationName = Release;
		};
/* End XCConfigurationList section */

/* Begin XCVersionGroup section */
		69ECADE629FFB2AE000E2596 /* rememberer.xcdatamodeld */ = {
			isa = XCVersionGroup;
			children = (
				69ECADE729FFB2AE000E2596 /* rememberer.xcdatamodel */,
			);
			currentVersion = 69ECADE729FFB2AE000E2596 /* rememberer.xcdatamodel */;
			path = rememberer.xcdatamodeld;
			sourceTree = "<group>";
			versionGroupType = wrapper.xcdatamodel;
		};
/* End XCVersionGroup section */
	};
	rootObject = 69ECADD029FFB2AC000E2596 /* Project object */;
}
